
Microsoft Visual Studio Solution File, Format Version 12.00
# Visual Studio 15
VisualStudioVersion = 15.0.28307.779
MinimumVisualStudioVersion = 10.0.40219.1
Project("{8BC9CEB8-8B4A-11D0-8D11-00A0C91BC942}") = "Mystring", "Mystring\Mystring.vcxproj", "{053BA763-4209-4AC5-B908-CA0BAF5360C6}"
EndProject
Global
	GlobalSection(SolutionConfigurationPlatforms) = preSolution
		Debug|x64 = Debug|x64
		Debug|x86 = Debug|x86
		Release|x64 = Release|x64
		Release|x86 = Release|x86
	EndGlobalSection
	GlobalSection(ProjectConfigurationPlatforms) = postSolution
		{053BA763-4209-4AC5-B908-CA0BAF5360C6}.Debug|x64.ActiveCfg = Debug|x64
		{053BA763-4209-4AC5-B908-CA0BAF5360C6}.Debug|x64.Build.0 = Debug|x64
		{053BA763-4209-4AC5-B908-CA0BAF5360C6}.Debug|x86.ActiveCfg = Debug|Win32
		{053BA763-4209-4AC5-B908-CA0BAF5360C6}.Debug|x86.Build.0 = Debug|Win32
		{053BA763-4209-4AC5-B908-CA0BAF5360C6}.Release|x64.ActiveCfg = Release|x64
		{053BA763-4209-4AC5-B908-CA0BAF5360C6}.Release|x64.Build.0 = Release|x64
		{053BA763-4209-4AC5-B908-CA0BAF5360C6}.Release|x86.ActiveCfg = Release|Win32
		{053BA763-4209-4AC5-B908-CA0BAF5360C6}.Release|x86.Build.0 = Release|Win32
	EndGlobalSection
	GlobalSection(SolutionProperties) = preSolution
		HideSolutionNode = FALSE
	EndGlobalSection
	GlobalSection(ExtensibilityGlobals) = postSolution
		SolutionGuid = {17C80BCA-C130-40A5-934A-9D5A8E8982C8}
	EndGlobalSection
EndGlobal
