
Microsoft Visual Studio Solution File, Format Version 12.00
# Visual Studio Version 16
VisualStudioVersion = 16.0.29905.134
MinimumVisualStudioVersion = 10.0.40219.1
Project("{8BC9CEB8-8B4A-11D0-8D11-00A0C91BC942}") = "SaoLei", "SaoLei.vcxproj", "{950FD74E-F31A-448F-9BF9-BAA0761D976C}"
EndProject
Global
	GlobalSection(SolutionConfigurationPlatforms) = preSolution
		Debug|x64 = Debug|x64
		Debug|x86 = Debug|x86
		Release|x64 = Release|x64
		Release|x86 = Release|x86
	EndGlobalSection
	GlobalSection(ProjectConfigurationPlatforms) = postSolution
		{950FD74E-F31A-448F-9BF9-BAA0761D976C}.Debug|x64.ActiveCfg = Debug|x64
		{950FD74E-F31A-448F-9BF9-BAA0761D976C}.Debug|x64.Build.0 = Debug|x64
		{950FD74E-F31A-448F-9BF9-BAA0761D976C}.Debug|x86.ActiveCfg = Debug|Win32
		{950FD74E-F31A-448F-9BF9-BAA0761D976C}.Debug|x86.Build.0 = Debug|Win32
		{950FD74E-F31A-448F-9BF9-BAA0761D976C}.Release|x64.ActiveCfg = Release|x64
		{950FD74E-F31A-448F-9BF9-BAA0761D976C}.Release|x64.Build.0 = Release|x64
		{950FD74E-F31A-448F-9BF9-BAA0761D976C}.Release|x86.ActiveCfg = Release|Win32
		{950FD74E-F31A-448F-9BF9-BAA0761D976C}.Release|x86.Build.0 = Release|Win32
	EndGlobalSection
	GlobalSection(SolutionProperties) = preSolution
		HideSolutionNode = FALSE
	EndGlobalSection
	GlobalSection(ExtensibilityGlobals) = postSolution
		SolutionGuid = {8B8474E6-47CE-4F4B-88FE-CC945201BFA4}
	EndGlobalSection
EndGlobal
